
Microsoft Visual Studio Solution File, Format Version 12.00
# Visual Studio Version 16
VisualStudioVersion = 16.0.29613.14
MinimumVisualStudioVersion = 10.0.40219.1
Project("{FAE04EC0-301F-11D3-BF4B-00C04F79EFBC}") = "ParametersDemo", "ParametersDemo\ParametersDemo.csproj", "{0D93D812-AB95-4824-8F63-6DC9B2C9A2F9}"
EndProject
Global
	GlobalSection(SolutionConfigurationPlatforms) = preSolution
		Debug|Any CPU = Debug|Any CPU
		Release|Any CPU = Release|Any CPU
	EndGlobalSection
	GlobalSection(ProjectConfigurationPlatforms) = postSolution
		{0D93D812-AB95-4824-8F63-6DC9B2C9A2F9}.Debug|Any CPU.ActiveCfg = Debug|Any CPU
		{0D93D812-AB95-4824-8F63-6DC9B2C9A2F9}.Debug|Any CPU.Build.0 = Debug|Any CPU
		{0D93D812-AB95-4824-8F63-6DC9B2C9A2F9}.Release|Any CPU.ActiveCfg = Release|Any CPU
		{0D93D812-AB95-4824-8F63-6DC9B2C9A2F9}.Release|Any CPU.Build.0 = Release|Any CPU
	EndGlobalSection
	GlobalSection(SolutionProperties) = preSolution
		HideSolutionNode = FALSE
	EndGlobalSection
	GlobalSection(ExtensibilityGlobals) = postSolution
		SolutionGuid = {1B9A403D-F3D3-43B3-8297-8FE630EB624C}
	EndGlobalSection
EndGlobal
